
Microsoft Visual Studio Solution File, Format Version 12.00
# Visual Studio Version 16
VisualStudioVersion = 16.0.28711.60
MinimumVisualStudioVersion = 10.0.40219.1
Project("{FAE04EC0-301F-11D3-BF4B-00C04F79EFBC}") = "PhareBot", "PhareBot\PhareBot.csproj", "{4E3017CC-5E5F-4398-AE2D-0E141671BFB0}"
EndProject
Global
	GlobalSection(SolutionConfigurationPlatforms) = preSolution
		Debug|Any CPU = Debug|Any CPU
		Release|Any CPU = Release|Any CPU
	EndGlobalSection
	GlobalSection(ProjectConfigurationPlatforms) = postSolution
		{4E3017CC-5E5F-4398-AE2D-0E141671BFB0}.Debug|Any CPU.ActiveCfg = Debug|Any CPU
		{4E3017CC-5E5F-4398-AE2D-0E141671BFB0}.Debug|Any CPU.Build.0 = Debug|Any CPU
		{4E3017CC-5E5F-4398-AE2D-0E141671BFB0}.Release|Any CPU.ActiveCfg = Release|Any CPU
		{4E3017CC-5E5F-4398-AE2D-0E141671BFB0}.Release|Any CPU.Build.0 = Release|Any CPU
	EndGlobalSection
	GlobalSection(SolutionProperties) = preSolution
		HideSolutionNode = FALSE
	EndGlobalSection
	GlobalSection(ExtensibilityGlobals) = postSolution
		SolutionGuid = {0302946B-DCAF-434B-99F3-DEA0CA99D87A}
	EndGlobalSection
EndGlobal
